<?xml version="1.0" encoding="UTF-8"?>
<Scheme
   LastUpgradeVersion = "1010"
   version = "1.3">
   <BuildAction
      parallelizeBuildables = "YES"
      buildImplicitDependencies = "YES">
      <BuildActionEntries>
         <BuildActionEntry
            buildForTesting = "YES"
            buildForRunning = "YES"
            buildForProfiling = "YES"
            buildForArchiving = "YES"
            buildForAnalyzing = "YES">
            <BuildableReference
               BuildableIdentifier = "primary"
               BlueprintIdentifier = "DC1F63832220BC63003842BB"
               BuildableName = "ExampleApp.app"
               BlueprintName = "ExampleApp"
               ReferencedContainer = "container:QTRoute.xcodeproj">
            </BuildableReference>
         </BuildActionEntry>
      </BuildActionEntries>
   </BuildAction>
   <TestAction
      buildConfiguration = "Debug"
      selectedDebuggerIdentifier = "Xcode.DebuggerFoundation.Debugger.LLDB"
      selectedLauncherIdentifier = "Xcode.DebuggerFoundation.Launcher.LLDB"
      codeCoverageEnabled = "YES"
      onlyGenerateCoverageForSpecifiedTargets = "YES"
      shouldUseLaunchSchemeArgsEnv = "YES">
      <CodeCoverageTargets>
         <BuildableReference
            BuildableIdentifier = "primary"
            BlueprintIdentifier = "DCE8368F2221D2C500E714F8"
            BuildableName = "ExampleAppTests.xctest"
            BlueprintName = "ExampleAppTests"
            ReferencedContainer = "container:QTRoute.xcodeproj">
         </BuildableReference>
         <BuildableReference
            BuildableIdentifier = "primary"
            BlueprintIdentifier = "DCE8367D2221C32F00E714F8"
            BuildableName = "QTRouteTests.xctest"
            BlueprintName = "QTRouteTests"
            ReferencedContainer = "container:QTRoute.xcodeproj">
         </BuildableReference>
      </CodeCoverageTargets>
      <Testables>
         <TestableReference
            skipped = "NO"
            useTestSelectionWhitelist = "YES">
            <BuildableReference
               BuildableIdentifier = "primary"
               BlueprintIdentifier = "DCE8367D2221C32F00E714F8"
               BuildableName = "QTRouteTests.xctest"
               BlueprintName = "QTRouteTests"
               ReferencedContainer = "container:QTRoute.xcodeproj">
            </BuildableReference>
            <SelectedTests>
               <Test
                  Identifier = "QTRouteDriverTests/testRouteSub()">
               </Test>
               <Test
                  Identifier = "QTRouteDriverTests/testRouteToFrom_complex()">
               </Test>
               <Test
                  Identifier = "QTRouteDriverTests/testRouteToFrom_nowhere()">
               </Test>
               <Test
                  Identifier = "QTRouteDriverTests/testRouteToFrom_shallow()">
               </Test>
               <Test
                  Identifier = "QTRoutePathTests/testDebugDescription()">
               </Test>
               <Test
                  Identifier = "QTRoutePathTests/testFindPath_many()">
               </Test>
               <Test
                  Identifier = "QTRoutePathTests/testFindPath_single()">
               </Test>
               <Test
                  Identifier = "QTRoutePathTests/testFindPath_two()">
               </Test>
               <Test
                  Identifier = "QTRoutePathTests/testHashable()">
               </Test>
               <Test
                  Identifier = "QTRouteTests/testDebugDescription()">
               </Test>
               <Test
                  Identifier = "QTRouteTests/testDeepClone()">
               </Test>
               <Test
                  Identifier = "QTRouteTests/testFlattened()">
               </Test>
               <Test
                  Identifier = "QTRouteTests/testHashable()">
               </Test>
               <Test
                  Identifier = "QTRouteTests/testRouteStructure()">
               </Test>
               <Test
                  Identifier = "QTRouteTests/testShallowClone()">
               </Test>
            </SelectedTests>
         </TestableReference>
         <TestableReference
            skipped = "NO"
            useTestSelectionWhitelist = "YES">
            <BuildableReference
               BuildableIdentifier = "primary"
               BlueprintIdentifier = "DCE8368F2221D2C500E714F8"
               BuildableName = "ExampleAppTests.xctest"
               BlueprintName = "ExampleAppTests"
               ReferencedContainer = "container:QTRoute.xcodeproj">
            </BuildableReference>
            <SelectedTests>
               <Test
                  Identifier = "AppRouteTests/test_routesAreAllUnique()">
               </Test>
               <Test
                  Identifier = "ContactUsViewControllerTests/test_configuration_and_events()">
               </Test>
               <Test
                  Identifier = "HelpViewControllerTests/test_configuration_and_events()">
               </Test>
               <Test
                  Identifier = "QTRouteDriverTests/testRouteSub()">
               </Test>
               <Test
                  Identifier = "QTRouteDriverTests/testRouteToFrom_complex()">
               </Test>
               <Test
                  Identifier = "QTRouteDriverTests/testRouteToFrom_nowhere()">
               </Test>
               <Test
                  Identifier = "QTRouteDriverTests/testRouteToFrom_shallow()">
               </Test>
            </SelectedTests>
         </TestableReference>
      </Testables>
      <MacroExpansion>
         <BuildableReference
            BuildableIdentifier = "primary"
            BlueprintIdentifier = "DC1F63832220BC63003842BB"
            BuildableName = "ExampleApp.app"
            BlueprintName = "ExampleApp"
            ReferencedContainer = "container:QTRoute.xcodeproj">
         </BuildableReference>
      </MacroExpansion>
      <AdditionalOptions>
      </AdditionalOptions>
   </TestAction>
   <LaunchAction
      buildConfiguration = "Debug"
      selectedDebuggerIdentifier = "Xcode.DebuggerFoundation.Debugger.LLDB"
      selectedLauncherIdentifier = "Xcode.DebuggerFoundation.Launcher.LLDB"
      launchStyle = "0"
      useCustomWorkingDirectory = "NO"
      ignoresPersistentStateOnLaunch = "NO"
      debugDocumentVersioning = "YES"
      debugServiceExtension = "internal"
      allowLocationSimulation = "YES">
      <BuildableProductRunnable
         runnableDebuggingMode = "0">
         <BuildableReference
            BuildableIdentifier = "primary"
            BlueprintIdentifier = "DC1F63832220BC63003842BB"
            BuildableName = "ExampleApp.app"
            BlueprintName = "ExampleApp"
            ReferencedContainer = "container:QTRoute.xcodeproj">
         </BuildableReference>
      </BuildableProductRunnable>
      <AdditionalOptions>
      </AdditionalOptions>
   </LaunchAction>
   <ProfileAction
      buildConfiguration = "Release"
      shouldUseLaunchSchemeArgsEnv = "YES"
      savedToolIdentifier = ""
      useCustomWorkingDirectory = "NO"
      debugDocumentVersioning = "YES">
      <BuildableProductRunnable
         runnableDebuggingMode = "0">
         <BuildableReference
            BuildableIdentifier = "primary"
            BlueprintIdentifier = "DC1F63832220BC63003842BB"
            BuildableName = "ExampleApp.app"
            BlueprintName = "ExampleApp"
            ReferencedContainer = "container:QTRoute.xcodeproj">
         </BuildableReference>
      </BuildableProductRunnable>
   </ProfileAction>
   <AnalyzeAction
      buildConfiguration = "Debug">
   </AnalyzeAction>
   <ArchiveAction
      buildConfiguration = "Release"
      revealArchiveInOrganizer = "YES">
   </ArchiveAction>
</Scheme>
