// !$*UTF8*$!
{
	archiveVersion = 1;
	classes = {
	};
	objectVersion = 50;
	objects = {

/* Begin PBXBuildFile section */
		DC23AC92222A696A00A00D40 /* libQRoute-iOS.a in Frameworks */ = {isa = PBXBuildFile; fileRef = DC23AC58222A56AE00A00D40 /* libQRoute-iOS.a */; };
		DC5E91EF222B5651003B7DD1 /* QRouteResolver.swift in Sources */ = {isa = PBXBuildFile; fileRef = DC5E91E5222B5651003B7DD1 /* QRouteResolver.swift */; };
		DC5E91F0222B5651003B7DD1 /* QRouteResolverAction.swift in Sources */ = {isa = PBXBuildFile; fileRef = DC5E91E6222B5651003B7DD1 /* QRouteResolverAction.swift */; };
		DC5E91F1222B5651003B7DD1 /* QRouteResolving.swift in Sources */ = {isa = PBXBuildFile; fileRef = DC5E91E7222B5651003B7DD1 /* QRouteResolving.swift */; };
		DC5E91F2222B5651003B7DD1 /* QRoute.swift in Sources */ = {isa = PBXBuildFile; fileRef = DC5E91E8222B5651003B7DD1 /* QRoute.swift */; };
		DC5E91F3222B5651003B7DD1 /* QRoutePath.swift in Sources */ = {isa = PBXBuildFile; fileRef = DC5E91E9222B5651003B7DD1 /* QRoutePath.swift */; };
		DC5E91F4222B5651003B7DD1 /* QRoutable.swift in Sources */ = {isa = PBXBuildFile; fileRef = DC5E91EA222B5651003B7DD1 /* QRoutable.swift */; };
		DC5E91F5222B5651003B7DD1 /* QRouteDriving.swift in Sources */ = {isa = PBXBuildFile; fileRef = DC5E91EC222B5651003B7DD1 /* QRouteDriving.swift */; };
		DC5E91F6222B5651003B7DD1 /* QRouteWalkingDriverStep.swift in Sources */ = {isa = PBXBuildFile; fileRef = DC5E91ED222B5651003B7DD1 /* QRouteWalkingDriverStep.swift */; };
		DC5E91F7222B5651003B7DD1 /* QRouteWalkingDriver.swift in Sources */ = {isa = PBXBuildFile; fileRef = DC5E91EE222B5651003B7DD1 /* QRouteWalkingDriver.swift */; };
		DC5E9218222B56A9003B7DD1 /* MockQRoutePlan.swift in Sources */ = {isa = PBXBuildFile; fileRef = DC5E91FE222B567D003B7DD1 /* MockQRoutePlan.swift */; };
		DC5E921A222B56A9003B7DD1 /* StubQResolverActions.swift in Sources */ = {isa = PBXBuildFile; fileRef = DC5E9200222B567D003B7DD1 /* StubQResolverActions.swift */; };
		DC5E921B222B56B3003B7DD1 /* QRoutePathTests.swift in Sources */ = {isa = PBXBuildFile; fileRef = DC5E9201222B567D003B7DD1 /* QRoutePathTests.swift */; };
		DC5E921D222B56B3003B7DD1 /* QRouteTests.swift in Sources */ = {isa = PBXBuildFile; fileRef = DC5E9203222B567D003B7DD1 /* QRouteTests.swift */; };
		DC5E921E222B56B3003B7DD1 /* QRouteResolverTests.swift in Sources */ = {isa = PBXBuildFile; fileRef = DC5E9204222B567D003B7DD1 /* QRouteResolverTests.swift */; };
		DC5E921F222B56B8003B7DD1 /* QRouteWalkingDriverTests.swift in Sources */ = {isa = PBXBuildFile; fileRef = DC5E9208222B567D003B7DD1 /* QRouteWalkingDriverTests.swift */; };
		DC5E9220222B56BE003B7DD1 /* BDDTestHelpers.swift in Sources */ = {isa = PBXBuildFile; fileRef = DC5E9206222B567D003B7DD1 /* BDDTestHelpers.swift */; };
		DC689F4D228A19B4005F5272 /* QRouteTestVerifier.swift in Sources */ = {isa = PBXBuildFile; fileRef = DC0DF1FC2288BA6B0062EA9A /* QRouteTestVerifier.swift */; };
		DC689F4F228A19B4005F5272 /* QRoutableMock.swift in Sources */ = {isa = PBXBuildFile; fileRef = DC5E91FF222B567D003B7DD1 /* QRoutableMock.swift */; };
		DC689F50228A19B4005F5272 /* QRouteResolverMock.swift in Sources */ = {isa = PBXBuildFile; fileRef = DC5E91FD222B567D003B7DD1 /* QRouteResolverMock.swift */; };
		DC689F51228A19B4005F5272 /* QRouteTestVerifier.swift in Sources */ = {isa = PBXBuildFile; fileRef = DC0DF1FC2288BA6B0062EA9A /* QRouteTestVerifier.swift */; };
		DC689F53228A19B4005F5272 /* QRoutableMock.swift in Sources */ = {isa = PBXBuildFile; fileRef = DC5E91FF222B567D003B7DD1 /* QRoutableMock.swift */; };
		DC689F54228A19B4005F5272 /* QRouteResolverMock.swift in Sources */ = {isa = PBXBuildFile; fileRef = DC5E91FD222B567D003B7DD1 /* QRouteResolverMock.swift */; };
		DC689F55228A19B5005F5272 /* QRouteTestVerifier.swift in Sources */ = {isa = PBXBuildFile; fileRef = DC0DF1FC2288BA6B0062EA9A /* QRouteTestVerifier.swift */; };
		DC689F57228A19B5005F5272 /* QRoutableMock.swift in Sources */ = {isa = PBXBuildFile; fileRef = DC5E91FF222B567D003B7DD1 /* QRoutableMock.swift */; };
		DC689F58228A19B5005F5272 /* QRouteResolverMock.swift in Sources */ = {isa = PBXBuildFile; fileRef = DC5E91FD222B567D003B7DD1 /* QRouteResolverMock.swift */; };
		DC70C827222C90E90068CCB6 /* QRouteResolverActionTests.swift in Sources */ = {isa = PBXBuildFile; fileRef = DC70C826222C90E90068CCB6 /* QRouteResolverActionTests.swift */; };
		DC70C829222C93050068CCB6 /* QRouteResolverMergeInputTests.swift in Sources */ = {isa = PBXBuildFile; fileRef = DC70C828222C93050068CCB6 /* QRouteResolverMergeInputTests.swift */; };
		DC70C837222CA8020068CCB6 /* QRoute.swift in Sources */ = {isa = PBXBuildFile; fileRef = DC5E91E8222B5651003B7DD1 /* QRoute.swift */; };
		DC70C838222CA8020068CCB6 /* QRoutePath.swift in Sources */ = {isa = PBXBuildFile; fileRef = DC5E91E9222B5651003B7DD1 /* QRoutePath.swift */; };
		DC70C839222CA8020068CCB6 /* QRoutable.swift in Sources */ = {isa = PBXBuildFile; fileRef = DC5E91EA222B5651003B7DD1 /* QRoutable.swift */; };
		DC70C83A222CA8090068CCB6 /* QRouteDriving.swift in Sources */ = {isa = PBXBuildFile; fileRef = DC5E91EC222B5651003B7DD1 /* QRouteDriving.swift */; };
		DC70C83B222CA8090068CCB6 /* QRouteWalkingDriverStep.swift in Sources */ = {isa = PBXBuildFile; fileRef = DC5E91ED222B5651003B7DD1 /* QRouteWalkingDriverStep.swift */; };
		DC70C83C222CA8090068CCB6 /* QRouteWalkingDriver.swift in Sources */ = {isa = PBXBuildFile; fileRef = DC5E91EE222B5651003B7DD1 /* QRouteWalkingDriver.swift */; };
		DC70C83D222CA80E0068CCB6 /* QRouteResolver.swift in Sources */ = {isa = PBXBuildFile; fileRef = DC5E91E5222B5651003B7DD1 /* QRouteResolver.swift */; };
		DC70C83E222CA80E0068CCB6 /* QRouteResolverAction.swift in Sources */ = {isa = PBXBuildFile; fileRef = DC5E91E6222B5651003B7DD1 /* QRouteResolverAction.swift */; };
		DC70C83F222CA80E0068CCB6 /* QRouteResolving.swift in Sources */ = {isa = PBXBuildFile; fileRef = DC5E91E7222B5651003B7DD1 /* QRouteResolving.swift */; };
		DC70C849222CA8960068CCB6 /* libQRoute-macOS.a in Frameworks */ = {isa = PBXBuildFile; fileRef = DC70C82E222CA73B0068CCB6 /* libQRoute-macOS.a */; };
		DC70C84F222CA9740068CCB6 /* QRouteTests.swift in Sources */ = {isa = PBXBuildFile; fileRef = DC5E9203222B567D003B7DD1 /* QRouteTests.swift */; };
		DC70C850222CA9740068CCB6 /* QRoutePathTests.swift in Sources */ = {isa = PBXBuildFile; fileRef = DC5E9201222B567D003B7DD1 /* QRoutePathTests.swift */; };
		DC70C851222CA9740068CCB6 /* QRouteWalkingDriverTests.swift in Sources */ = {isa = PBXBuildFile; fileRef = DC5E9208222B567D003B7DD1 /* QRouteWalkingDriverTests.swift */; };
		DC70C852222CA9740068CCB6 /* QRouteResolverTests.swift in Sources */ = {isa = PBXBuildFile; fileRef = DC5E9204222B567D003B7DD1 /* QRouteResolverTests.swift */; };
		DC70C853222CA9740068CCB6 /* QRouteResolverActionTests.swift in Sources */ = {isa = PBXBuildFile; fileRef = DC70C826222C90E90068CCB6 /* QRouteResolverActionTests.swift */; };
		DC70C854222CA9740068CCB6 /* QRouteResolverMergeInputTests.swift in Sources */ = {isa = PBXBuildFile; fileRef = DC70C828222C93050068CCB6 /* QRouteResolverMergeInputTests.swift */; };
		DC70C855222CA9790068CCB6 /* BDDTestHelpers.swift in Sources */ = {isa = PBXBuildFile; fileRef = DC5E9206222B567D003B7DD1 /* BDDTestHelpers.swift */; };
		DC70C856222CA9790068CCB6 /* QRouteResolverTestHelpers.swift in Sources */ = {isa = PBXBuildFile; fileRef = DC5E9207222B567D003B7DD1 /* QRouteResolverTestHelpers.swift */; };
		DC70C859222CA97E0068CCB6 /* MockQRoutePlan.swift in Sources */ = {isa = PBXBuildFile; fileRef = DC5E91FE222B567D003B7DD1 /* MockQRoutePlan.swift */; };
		DC70C85B222CA97E0068CCB6 /* StubQResolverActions.swift in Sources */ = {isa = PBXBuildFile; fileRef = DC5E9200222B567D003B7DD1 /* StubQResolverActions.swift */; };
		DC70C867222CAA150068CCB6 /* QRoute.swift in Sources */ = {isa = PBXBuildFile; fileRef = DC5E91E8222B5651003B7DD1 /* QRoute.swift */; };
		DC70C868222CAA150068CCB6 /* QRoutePath.swift in Sources */ = {isa = PBXBuildFile; fileRef = DC5E91E9222B5651003B7DD1 /* QRoutePath.swift */; };
		DC70C869222CAA150068CCB6 /* QRoutable.swift in Sources */ = {isa = PBXBuildFile; fileRef = DC5E91EA222B5651003B7DD1 /* QRoutable.swift */; };
		DC70C86A222CAA190068CCB6 /* QRouteDriving.swift in Sources */ = {isa = PBXBuildFile; fileRef = DC5E91EC222B5651003B7DD1 /* QRouteDriving.swift */; };
		DC70C86B222CAA190068CCB6 /* QRouteWalkingDriverStep.swift in Sources */ = {isa = PBXBuildFile; fileRef = DC5E91ED222B5651003B7DD1 /* QRouteWalkingDriverStep.swift */; };
		DC70C86C222CAA190068CCB6 /* QRouteWalkingDriver.swift in Sources */ = {isa = PBXBuildFile; fileRef = DC5E91EE222B5651003B7DD1 /* QRouteWalkingDriver.swift */; };
		DC70C86D222CAA1C0068CCB6 /* QRouteResolver.swift in Sources */ = {isa = PBXBuildFile; fileRef = DC5E91E5222B5651003B7DD1 /* QRouteResolver.swift */; };
		DC70C86E222CAA1C0068CCB6 /* QRouteResolverAction.swift in Sources */ = {isa = PBXBuildFile; fileRef = DC5E91E6222B5651003B7DD1 /* QRouteResolverAction.swift */; };
		DC70C86F222CAA1C0068CCB6 /* QRouteResolving.swift in Sources */ = {isa = PBXBuildFile; fileRef = DC5E91E7222B5651003B7DD1 /* QRouteResolving.swift */; };
		DC70C87B222CAA8A0068CCB6 /* QRoute.swift in Sources */ = {isa = PBXBuildFile; fileRef = DC5E91E8222B5651003B7DD1 /* QRoute.swift */; };
		DC70C87C222CAA8A0068CCB6 /* QRoutePath.swift in Sources */ = {isa = PBXBuildFile; fileRef = DC5E91E9222B5651003B7DD1 /* QRoutePath.swift */; };
		DC70C87D222CAA8A0068CCB6 /* QRoutable.swift in Sources */ = {isa = PBXBuildFile; fileRef = DC5E91EA222B5651003B7DD1 /* QRoutable.swift */; };
		DC70C87E222CAA8E0068CCB6 /* QRouteDriving.swift in Sources */ = {isa = PBXBuildFile; fileRef = DC5E91EC222B5651003B7DD1 /* QRouteDriving.swift */; };
		DC70C87F222CAA8E0068CCB6 /* QRouteWalkingDriverStep.swift in Sources */ = {isa = PBXBuildFile; fileRef = DC5E91ED222B5651003B7DD1 /* QRouteWalkingDriverStep.swift */; };
		DC70C880222CAA8E0068CCB6 /* QRouteWalkingDriver.swift in Sources */ = {isa = PBXBuildFile; fileRef = DC5E91EE222B5651003B7DD1 /* QRouteWalkingDriver.swift */; };
		DC70C881222CAA920068CCB6 /* QRouteResolver.swift in Sources */ = {isa = PBXBuildFile; fileRef = DC5E91E5222B5651003B7DD1 /* QRouteResolver.swift */; };
		DC70C882222CAA920068CCB6 /* QRouteResolverAction.swift in Sources */ = {isa = PBXBuildFile; fileRef = DC5E91E6222B5651003B7DD1 /* QRouteResolverAction.swift */; };
		DC70C883222CAA920068CCB6 /* QRouteResolving.swift in Sources */ = {isa = PBXBuildFile; fileRef = DC5E91E7222B5651003B7DD1 /* QRouteResolving.swift */; };
		DC70C88D222CAAD40068CCB6 /* libQRoute-tvOS.a in Frameworks */ = {isa = PBXBuildFile; fileRef = DC70C874222CAA6E0068CCB6 /* libQRoute-tvOS.a */; };
		DC70C893222CAB1A0068CCB6 /* QRouteTests.swift in Sources */ = {isa = PBXBuildFile; fileRef = DC5E9203222B567D003B7DD1 /* QRouteTests.swift */; };
		DC70C894222CAB1A0068CCB6 /* QRoutePathTests.swift in Sources */ = {isa = PBXBuildFile; fileRef = DC5E9201222B567D003B7DD1 /* QRoutePathTests.swift */; };
		DC70C895222CAB1A0068CCB6 /* QRouteWalkingDriverTests.swift in Sources */ = {isa = PBXBuildFile; fileRef = DC5E9208222B567D003B7DD1 /* QRouteWalkingDriverTests.swift */; };
		DC70C896222CAB1A0068CCB6 /* QRouteResolverTests.swift in Sources */ = {isa = PBXBuildFile; fileRef = DC5E9204222B567D003B7DD1 /* QRouteResolverTests.swift */; };
		DC70C897222CAB1A0068CCB6 /* QRouteResolverActionTests.swift in Sources */ = {isa = PBXBuildFile; fileRef = DC70C826222C90E90068CCB6 /* QRouteResolverActionTests.swift */; };
		DC70C898222CAB1A0068CCB6 /* QRouteResolverMergeInputTests.swift in Sources */ = {isa = PBXBuildFile; fileRef = DC70C828222C93050068CCB6 /* QRouteResolverMergeInputTests.swift */; };
		DC70C899222CAB1F0068CCB6 /* BDDTestHelpers.swift in Sources */ = {isa = PBXBuildFile; fileRef = DC5E9206222B567D003B7DD1 /* BDDTestHelpers.swift */; };
		DC70C89A222CAB1F0068CCB6 /* QRouteResolverTestHelpers.swift in Sources */ = {isa = PBXBuildFile; fileRef = DC5E9207222B567D003B7DD1 /* QRouteResolverTestHelpers.swift */; };
		DC70C89D222CAB230068CCB6 /* MockQRoutePlan.swift in Sources */ = {isa = PBXBuildFile; fileRef = DC5E91FE222B567D003B7DD1 /* MockQRoutePlan.swift */; };
		DC70C89F222CAB230068CCB6 /* StubQResolverActions.swift in Sources */ = {isa = PBXBuildFile; fileRef = DC5E9200222B567D003B7DD1 /* StubQResolverActions.swift */; };
		DCA6DB65222BBC230098D765 /* QRouteResolverTestHelpers.swift in Sources */ = {isa = PBXBuildFile; fileRef = DC5E9207222B567D003B7DD1 /* QRouteResolverTestHelpers.swift */; };
		DCDDD53B22408FD500BA2C53 /* QRoute+ConvenienceInit.swift in Sources */ = {isa = PBXBuildFile; fileRef = DCDDD53A22408FD500BA2C53 /* QRoute+ConvenienceInit.swift */; };
		DCDDD53C22408FD500BA2C53 /* QRoute+ConvenienceInit.swift in Sources */ = {isa = PBXBuildFile; fileRef = DCDDD53A22408FD500BA2C53 /* QRoute+ConvenienceInit.swift */; };
		DCDDD53D22408FD500BA2C53 /* QRoute+ConvenienceInit.swift in Sources */ = {isa = PBXBuildFile; fileRef = DCDDD53A22408FD500BA2C53 /* QRoute+ConvenienceInit.swift */; };
		DCDDD53E22408FD500BA2C53 /* QRoute+ConvenienceInit.swift in Sources */ = {isa = PBXBuildFile; fileRef = DCDDD53A22408FD500BA2C53 /* QRoute+ConvenienceInit.swift */; };
/* End PBXBuildFile section */

/* Begin PBXContainerItemProxy section */
		DC23AC8F222A695B00A00D40 /* PBXContainerItemProxy */ = {
			isa = PBXContainerItemProxy;
			containerPortal = DC1F637C2220BC63003842BB /* Project object */;
			proxyType = 1;
			remoteGlobalIDString = DC23AC57222A56AE00A00D40;
			remoteInfo = QTRoute;
		};
		DC70C84A222CA8960068CCB6 /* PBXContainerItemProxy */ = {
			isa = PBXContainerItemProxy;
			containerPortal = DC1F637C2220BC63003842BB /* Project object */;
			proxyType = 1;
			remoteGlobalIDString = DC70C82D222CA73B0068CCB6;
			remoteInfo = "QTRoute-macOS";
		};
		DC70C88E222CAAD40068CCB6 /* PBXContainerItemProxy */ = {
			isa = PBXContainerItemProxy;
			containerPortal = DC1F637C2220BC63003842BB /* Project object */;
			proxyType = 1;
			remoteGlobalIDString = DC70C873222CAA6E0068CCB6;
			remoteInfo = "QTRoute-tvOS";
		};
/* End PBXContainerItemProxy section */

/* Begin PBXCopyFilesBuildPhase section */
		DC23AC56222A56AE00A00D40 /* CopyFiles */ = {
			isa = PBXCopyFilesBuildPhase;
			buildActionMask = 2147483647;
			dstPath = "include/$(PRODUCT_NAME)";
			dstSubfolderSpec = 16;
			files = (
			);
			runOnlyForDeploymentPostprocessing = 0;
		};
		DC70C85E222CA9D20068CCB6 /* CopyFiles */ = {
			isa = PBXCopyFilesBuildPhase;
			buildActionMask = 2147483647;
			dstPath = "include/$(PRODUCT_NAME)";
			dstSubfolderSpec = 16;
			files = (
			);
			runOnlyForDeploymentPostprocessing = 0;
		};
		DC70C872222CAA6E0068CCB6 /* CopyFiles */ = {
			isa = PBXCopyFilesBuildPhase;
			buildActionMask = 2147483647;
			dstPath = "include/$(PRODUCT_NAME)";
			dstSubfolderSpec = 16;
			files = (
			);
			runOnlyForDeploymentPostprocessing = 0;
		};
/* End PBXCopyFilesBuildPhase section */

/* Begin PBXFileReference section */
		DC0DF1FC2288BA6B0062EA9A /* QRouteTestVerifier.swift */ = {isa = PBXFileReference; lastKnownFileType = sourcecode.swift; path = QRouteTestVerifier.swift; sourceTree = "<group>"; };
		DC23AC58222A56AE00A00D40 /* libQRoute-iOS.a */ = {isa = PBXFileReference; explicitFileType = archive.ar; includeInIndex = 0; path = "libQRoute-iOS.a"; sourceTree = BUILT_PRODUCTS_DIR; };
		DC4E06D2222678B000A69630 /* README.md */ = {isa = PBXFileReference; fileEncoding = 4; lastKnownFileType = net.daringfireball.markdown; path = README.md; sourceTree = "<group>"; };
		DC5E91E0222B562B003B7DD1 /* icon.png */ = {isa = PBXFileReference; lastKnownFileType = image.png; path = icon.png; sourceTree = "<group>"; };
		DC5E91E1222B562B003B7DD1 /* reference.md */ = {isa = PBXFileReference; fileEncoding = 4; lastKnownFileType = net.daringfireball.markdown; path = reference.md; sourceTree = "<group>"; };
		DC5E91E5222B5651003B7DD1 /* QRouteResolver.swift */ = {isa = PBXFileReference; fileEncoding = 4; lastKnownFileType = sourcecode.swift; path = QRouteResolver.swift; sourceTree = "<group>"; };
		DC5E91E6222B5651003B7DD1 /* QRouteResolverAction.swift */ = {isa = PBXFileReference; fileEncoding = 4; lastKnownFileType = sourcecode.swift; path = QRouteResolverAction.swift; sourceTree = "<group>"; };
		DC5E91E7222B5651003B7DD1 /* QRouteResolving.swift */ = {isa = PBXFileReference; fileEncoding = 4; lastKnownFileType = sourcecode.swift; path = QRouteResolving.swift; sourceTree = "<group>"; };
		DC5E91E8222B5651003B7DD1 /* QRoute.swift */ = {isa = PBXFileReference; fileEncoding = 4; lastKnownFileType = sourcecode.swift; path = QRoute.swift; sourceTree = "<group>"; };
		DC5E91E9222B5651003B7DD1 /* QRoutePath.swift */ = {isa = PBXFileReference; fileEncoding = 4; lastKnownFileType = sourcecode.swift; path = QRoutePath.swift; sourceTree = "<group>"; };
		DC5E91EA222B5651003B7DD1 /* QRoutable.swift */ = {isa = PBXFileReference; fileEncoding = 4; lastKnownFileType = sourcecode.swift; path = QRoutable.swift; sourceTree = "<group>"; };
		DC5E91EC222B5651003B7DD1 /* QRouteDriving.swift */ = {isa = PBXFileReference; fileEncoding = 4; lastKnownFileType = sourcecode.swift; path = QRouteDriving.swift; sourceTree = "<group>"; };
		DC5E91ED222B5651003B7DD1 /* QRouteWalkingDriverStep.swift */ = {isa = PBXFileReference; fileEncoding = 4; lastKnownFileType = sourcecode.swift; path = QRouteWalkingDriverStep.swift; sourceTree = "<group>"; };
		DC5E91EE222B5651003B7DD1 /* QRouteWalkingDriver.swift */ = {isa = PBXFileReference; fileEncoding = 4; lastKnownFileType = sourcecode.swift; path = QRouteWalkingDriver.swift; sourceTree = "<group>"; };
		DC5E91FC222B567D003B7DD1 /* QRouteDriverMock.swift */ = {isa = PBXFileReference; fileEncoding = 4; lastKnownFileType = sourcecode.swift; path = QRouteDriverMock.swift; sourceTree = "<group>"; };
		DC5E91FD222B567D003B7DD1 /* QRouteResolverMock.swift */ = {isa = PBXFileReference; fileEncoding = 4; lastKnownFileType = sourcecode.swift; path = QRouteResolverMock.swift; sourceTree = "<group>"; };
		DC5E91FE222B567D003B7DD1 /* MockQRoutePlan.swift */ = {isa = PBXFileReference; fileEncoding = 4; lastKnownFileType = sourcecode.swift; path = MockQRoutePlan.swift; sourceTree = "<group>"; };
		DC5E91FF222B567D003B7DD1 /* QRoutableMock.swift */ = {isa = PBXFileReference; fileEncoding = 4; lastKnownFileType = sourcecode.swift; path = QRoutableMock.swift; sourceTree = "<group>"; };
		DC5E9200222B567D003B7DD1 /* StubQResolverActions.swift */ = {isa = PBXFileReference; fileEncoding = 4; lastKnownFileType = sourcecode.swift; path = StubQResolverActions.swift; sourceTree = "<group>"; };
		DC5E9201222B567D003B7DD1 /* QRoutePathTests.swift */ = {isa = PBXFileReference; fileEncoding = 4; lastKnownFileType = sourcecode.swift; path = QRoutePathTests.swift; sourceTree = "<group>"; };
		DC5E9203222B567D003B7DD1 /* QRouteTests.swift */ = {isa = PBXFileReference; fileEncoding = 4; lastKnownFileType = sourcecode.swift; path = QRouteTests.swift; sourceTree = "<group>"; };
		DC5E9204222B567D003B7DD1 /* QRouteResolverTests.swift */ = {isa = PBXFileReference; fileEncoding = 4; lastKnownFileType = sourcecode.swift; path = QRouteResolverTests.swift; sourceTree = "<group>"; };
		DC5E9206222B567D003B7DD1 /* BDDTestHelpers.swift */ = {isa = PBXFileReference; fileEncoding = 4; lastKnownFileType = sourcecode.swift; path = BDDTestHelpers.swift; sourceTree = "<group>"; };
		DC5E9207222B567D003B7DD1 /* QRouteResolverTestHelpers.swift */ = {isa = PBXFileReference; fileEncoding = 4; lastKnownFileType = sourcecode.swift; path = QRouteResolverTestHelpers.swift; sourceTree = "<group>"; };
		DC5E9208222B567D003B7DD1 /* QRouteWalkingDriverTests.swift */ = {isa = PBXFileReference; fileEncoding = 4; lastKnownFileType = sourcecode.swift; path = QRouteWalkingDriverTests.swift; sourceTree = "<group>"; };
		DC5E9224222B5A3C003B7DD1 /* Info.plist */ = {isa = PBXFileReference; fileEncoding = 4; lastKnownFileType = text.plist.xml; path = Info.plist; sourceTree = "<group>"; };
		DC70C826222C90E90068CCB6 /* QRouteResolverActionTests.swift */ = {isa = PBXFileReference; lastKnownFileType = sourcecode.swift; path = QRouteResolverActionTests.swift; sourceTree = "<group>"; };
		DC70C828222C93050068CCB6 /* QRouteResolverMergeInputTests.swift */ = {isa = PBXFileReference; lastKnownFileType = sourcecode.swift; path = QRouteResolverMergeInputTests.swift; sourceTree = "<group>"; };
		DC70C82E222CA73B0068CCB6 /* libQRoute-macOS.a */ = {isa = PBXFileReference; explicitFileType = archive.ar; includeInIndex = 0; path = "libQRoute-macOS.a"; sourceTree = BUILT_PRODUCTS_DIR; };
		DC70C844222CA8960068CCB6 /* QRoute-macOSTests.xctest */ = {isa = PBXFileReference; explicitFileType = wrapper.cfbundle; includeInIndex = 0; path = "QRoute-macOSTests.xctest"; sourceTree = BUILT_PRODUCTS_DIR; };
		DC70C860222CA9D20068CCB6 /* libQRoute-watchOS.a */ = {isa = PBXFileReference; explicitFileType = archive.ar; includeInIndex = 0; path = "libQRoute-watchOS.a"; sourceTree = BUILT_PRODUCTS_DIR; };
		DC70C874222CAA6E0068CCB6 /* libQRoute-tvOS.a */ = {isa = PBXFileReference; explicitFileType = archive.ar; includeInIndex = 0; path = "libQRoute-tvOS.a"; sourceTree = BUILT_PRODUCTS_DIR; };
		DC70C888222CAAD40068CCB6 /* QRoute-tvOSTests.xctest */ = {isa = PBXFileReference; explicitFileType = wrapper.cfbundle; includeInIndex = 0; path = "QRoute-tvOSTests.xctest"; sourceTree = BUILT_PRODUCTS_DIR; };
		DCA6DB63222BA4F00098D765 /* getting-started.md */ = {isa = PBXFileReference; fileEncoding = 4; lastKnownFileType = net.daringfireball.markdown; path = "getting-started.md"; sourceTree = "<group>"; };
		DCDDD53A22408FD500BA2C53 /* QRoute+ConvenienceInit.swift */ = {isa = PBXFileReference; lastKnownFileType = sourcecode.swift; path = "QRoute+ConvenienceInit.swift"; sourceTree = "<group>"; };
		DCE8367E2221C32F00E714F8 /* QRoute-iOSTests.xctest */ = {isa = PBXFileReference; explicitFileType = wrapper.cfbundle; includeInIndex = 0; path = "QRoute-iOSTests.xctest"; sourceTree = BUILT_PRODUCTS_DIR; };
/* End PBXFileReference section */

/* Begin PBXFrameworksBuildPhase section */
		DC23AC55222A56AE00A00D40 /* Frameworks */ = {
			isa = PBXFrameworksBuildPhase;
			buildActionMask = 2147483647;
			files = (
			);
			runOnlyForDeploymentPostprocessing = 0;
		};
		DC70C82C222CA73B0068CCB6 /* Frameworks */ = {
			isa = PBXFrameworksBuildPhase;
			buildActionMask = 2147483647;
			files = (
			);
			runOnlyForDeploymentPostprocessing = 0;
		};
		DC70C841222CA8960068CCB6 /* Frameworks */ = {
			isa = PBXFrameworksBuildPhase;
			buildActionMask = 2147483647;
			files = (
				DC70C849222CA8960068CCB6 /* libQRoute-macOS.a in Frameworks */,
			);
			runOnlyForDeploymentPostprocessing = 0;
		};
		DC70C85D222CA9D20068CCB6 /* Frameworks */ = {
			isa = PBXFrameworksBuildPhase;
			buildActionMask = 2147483647;
			files = (
			);
			runOnlyForDeploymentPostprocessing = 0;
		};
		DC70C871222CAA6E0068CCB6 /* Frameworks */ = {
			isa = PBXFrameworksBuildPhase;
			buildActionMask = 2147483647;
			files = (
			);
			runOnlyForDeploymentPostprocessing = 0;
		};
		DC70C885222CAAD40068CCB6 /* Frameworks */ = {
			isa = PBXFrameworksBuildPhase;
			buildActionMask = 2147483647;
			files = (
				DC70C88D222CAAD40068CCB6 /* libQRoute-tvOS.a in Frameworks */,
			);
			runOnlyForDeploymentPostprocessing = 0;
		};
		DCE8367B2221C32F00E714F8 /* Frameworks */ = {
			isa = PBXFrameworksBuildPhase;
			buildActionMask = 2147483647;
			files = (
				DC23AC92222A696A00A00D40 /* libQRoute-iOS.a in Frameworks */,
			);
			runOnlyForDeploymentPostprocessing = 0;
		};
/* End PBXFrameworksBuildPhase section */

/* Begin PBXGroup section */
		DC1F637B2220BC63003842BB = {
			isa = PBXGroup;
			children = (
				DC4E06D2222678B000A69630 /* README.md */,
				DC5E91DF222B562B003B7DD1 /* docs */,
				DC5E91E2222B5651003B7DD1 /* Sources */,
				DC5E91F8222B567D003B7DD1 /* Tests */,
				DC1F63852220BC63003842BB /* Products */,
				DC23AC91222A696A00A00D40 /* Frameworks */,
			);
			sourceTree = "<group>";
		};
		DC1F63852220BC63003842BB /* Products */ = {
			isa = PBXGroup;
			children = (
				DCE8367E2221C32F00E714F8 /* QRoute-iOSTests.xctest */,
				DC23AC58222A56AE00A00D40 /* libQRoute-iOS.a */,
				DC70C82E222CA73B0068CCB6 /* libQRoute-macOS.a */,
				DC70C844222CA8960068CCB6 /* QRoute-macOSTests.xctest */,
				DC70C860222CA9D20068CCB6 /* libQRoute-watchOS.a */,
				DC70C874222CAA6E0068CCB6 /* libQRoute-tvOS.a */,
				DC70C888222CAAD40068CCB6 /* QRoute-tvOSTests.xctest */,
			);
			name = Products;
			sourceTree = "<group>";
		};
		DC23AC91222A696A00A00D40 /* Frameworks */ = {
			isa = PBXGroup;
			children = (
			);
			name = Frameworks;
			sourceTree = "<group>";
		};
		DC5E91DF222B562B003B7DD1 /* docs */ = {
			isa = PBXGroup;
			children = (
				DCA6DB63222BA4F00098D765 /* getting-started.md */,
				DC5E91E0222B562B003B7DD1 /* icon.png */,
				DC5E91E1222B562B003B7DD1 /* reference.md */,
			);
			path = docs;
			sourceTree = "<group>";
		};
		DC5E91E2222B5651003B7DD1 /* Sources */ = {
			isa = PBXGroup;
			children = (
				DC5E91E3222B5651003B7DD1 /* QRoute */,
			);
			path = Sources;
			sourceTree = "<group>";
		};
		DC5E91E3222B5651003B7DD1 /* QRoute */ = {
			isa = PBXGroup;
			children = (
				DC5E91E8222B5651003B7DD1 /* QRoute.swift */,
				DCDDD53A22408FD500BA2C53 /* QRoute+ConvenienceInit.swift */,
				DC5E91E9222B5651003B7DD1 /* QRoutePath.swift */,
				DC5E91EA222B5651003B7DD1 /* QRoutable.swift */,
				DC5E91EB222B5651003B7DD1 /* Driving */,
				DC5E91E4222B5651003B7DD1 /* Resolving */,
			);
			path = QRoute;
			sourceTree = "<group>";
		};
		DC5E91E4222B5651003B7DD1 /* Resolving */ = {
			isa = PBXGroup;
			children = (
				DC5E91E7222B5651003B7DD1 /* QRouteResolving.swift */,
				DC5E91E5222B5651003B7DD1 /* QRouteResolver.swift */,
				DC5E91E6222B5651003B7DD1 /* QRouteResolverAction.swift */,
			);
			path = Resolving;
			sourceTree = "<group>";
		};
		DC5E91EB222B5651003B7DD1 /* Driving */ = {
			isa = PBXGroup;
			children = (
				DC5E91EC222B5651003B7DD1 /* QRouteDriving.swift */,
				DC5E91EE222B5651003B7DD1 /* QRouteWalkingDriver.swift */,
				DC5E91ED222B5651003B7DD1 /* QRouteWalkingDriverStep.swift */,
			);
			path = Driving;
			sourceTree = "<group>";
		};
		DC5E91F8222B567D003B7DD1 /* Tests */ = {
			isa = PBXGroup;
			children = (
				DC689F59228A19D7005F5272 /* consumerMocks */,
				DC5E91FA222B567D003B7DD1 /* QRouteTests */,
			);
			path = Tests;
			sourceTree = "<group>";
		};
		DC5E91FA222B567D003B7DD1 /* QRouteTests */ = {
			isa = PBXGroup;
			children = (
				DC5E9224222B5A3C003B7DD1 /* Info.plist */,
				DC5E9203222B567D003B7DD1 /* QRouteTests.swift */,
				DC5E9201222B567D003B7DD1 /* QRoutePathTests.swift */,
				DCDDD53322408CC200BA2C53 /* Driving */,
				DCDDD53422408CD500BA2C53 /* Resolving */,
				DC5E9205222B567D003B7DD1 /* helpers */,
				DC5E91FB222B567D003B7DD1 /* mocks */,
			);
			path = QRouteTests;
			sourceTree = "<group>";
		};
		DC5E91FB222B567D003B7DD1 /* mocks */ = {
			isa = PBXGroup;
			children = (
				DC5E91FE222B567D003B7DD1 /* MockQRoutePlan.swift */,
				DC5E9200222B567D003B7DD1 /* StubQResolverActions.swift */,
			);
			path = mocks;
			sourceTree = "<group>";
		};
		DC5E9205222B567D003B7DD1 /* helpers */ = {
			isa = PBXGroup;
			children = (
				DC5E9206222B567D003B7DD1 /* BDDTestHelpers.swift */,
				DC5E9207222B567D003B7DD1 /* QRouteResolverTestHelpers.swift */,
			);
			path = helpers;
			sourceTree = "<group>";
		};
		DC689F59228A19D7005F5272 /* consumerMocks */ = {
			isa = PBXGroup;
			children = (
				DC0DF1FC2288BA6B0062EA9A /* QRouteTestVerifier.swift */,
				DC5E91FC222B567D003B7DD1 /* QRouteDriverMock.swift */,
				DC5E91FF222B567D003B7DD1 /* QRoutableMock.swift */,
				DC5E91FD222B567D003B7DD1 /* QRouteResolverMock.swift */,
			);
			path = consumerMocks;
			sourceTree = "<group>";
		};
		DCDDD53322408CC200BA2C53 /* Driving */ = {
			isa = PBXGroup;
			children = (
				DC5E9208222B567D003B7DD1 /* QRouteWalkingDriverTests.swift */,
			);
			path = Driving;
			sourceTree = "<group>";
		};
		DCDDD53422408CD500BA2C53 /* Resolving */ = {
			isa = PBXGroup;
			children = (
				DC5E9204222B567D003B7DD1 /* QRouteResolverTests.swift */,
				DC70C826222C90E90068CCB6 /* QRouteResolverActionTests.swift */,
				DC70C828222C93050068CCB6 /* QRouteResolverMergeInputTests.swift */,
			);
			path = Resolving;
			sourceTree = "<group>";
		};
/* End PBXGroup section */

/* Begin PBXHeadersBuildPhase section */
		DC70C82A222CA73B0068CCB6 /* Headers */ = {
			isa = PBXHeadersBuildPhase;
			buildActionMask = 2147483647;
			files = (
			);
			runOnlyForDeploymentPostprocessing = 0;
		};
/* End PBXHeadersBuildPhase section */

/* Begin PBXNativeTarget section */
		DC23AC57222A56AE00A00D40 /* QRoute-iOS */ = {
			isa = PBXNativeTarget;
			buildConfigurationList = DC23AC5C222A56AE00A00D40 /* Build configuration list for PBXNativeTarget "QRoute-iOS" */;
			buildPhases = (
				DC23AC54222A56AE00A00D40 /* Sources */,
				DC23AC55222A56AE00A00D40 /* Frameworks */,
				DC23AC56222A56AE00A00D40 /* CopyFiles */,
			);
			buildRules = (
			);
			dependencies = (
			);
			name = "QRoute-iOS";
			productName = QTRoute;
			productReference = DC23AC58222A56AE00A00D40 /* libQRoute-iOS.a */;
			productType = "com.apple.product-type.library.static";
		};
		DC70C82D222CA73B0068CCB6 /* QRoute-macOS */ = {
			isa = PBXNativeTarget;
			buildConfigurationList = DC70C834222CA73C0068CCB6 /* Build configuration list for PBXNativeTarget "QRoute-macOS" */;
			buildPhases = (
				DC70C82A222CA73B0068CCB6 /* Headers */,
				DC70C82B222CA73B0068CCB6 /* Sources */,
				DC70C82C222CA73B0068CCB6 /* Frameworks */,
			);
			buildRules = (
			);
			dependencies = (
			);
			name = "QRoute-macOS";
			productName = "QTRoute-macOS";
			productReference = DC70C82E222CA73B0068CCB6 /* libQRoute-macOS.a */;
			productType = "com.apple.product-type.library.static";
		};
		DC70C843222CA8960068CCB6 /* QRoute-macOSTests */ = {
			isa = PBXNativeTarget;
			buildConfigurationList = DC70C84C222CA8960068CCB6 /* Build configuration list for PBXNativeTarget "QRoute-macOSTests" */;
			buildPhases = (
				DC70C840222CA8960068CCB6 /* Sources */,
				DC70C841222CA8960068CCB6 /* Frameworks */,
				DC70C842222CA8960068CCB6 /* Resources */,
			);
			buildRules = (
			);
			dependencies = (
				DC70C84B222CA8960068CCB6 /* PBXTargetDependency */,
			);
			name = "QRoute-macOSTests";
			productName = "QTRoute-macOSTests";
			productReference = DC70C844222CA8960068CCB6 /* QRoute-macOSTests.xctest */;
			productType = "com.apple.product-type.bundle.unit-test";
		};
		DC70C85F222CA9D20068CCB6 /* QRoute-watchOS */ = {
			isa = PBXNativeTarget;
			buildConfigurationList = DC70C864222CA9D20068CCB6 /* Build configuration list for PBXNativeTarget "QRoute-watchOS" */;
			buildPhases = (
				DC70C85C222CA9D20068CCB6 /* Sources */,
				DC70C85D222CA9D20068CCB6 /* Frameworks */,
				DC70C85E222CA9D20068CCB6 /* CopyFiles */,
			);
			buildRules = (
			);
			dependencies = (
			);
			name = "QRoute-watchOS";
			productName = "QTRoute-watchOS";
			productReference = DC70C860222CA9D20068CCB6 /* libQRoute-watchOS.a */;
			productType = "com.apple.product-type.library.static";
		};
		DC70C873222CAA6E0068CCB6 /* QRoute-tvOS */ = {
			isa = PBXNativeTarget;
			buildConfigurationList = DC70C878222CAA6E0068CCB6 /* Build configuration list for PBXNativeTarget "QRoute-tvOS" */;
			buildPhases = (
				DC70C870222CAA6E0068CCB6 /* Sources */,
				DC70C871222CAA6E0068CCB6 /* Frameworks */,
				DC70C872222CAA6E0068CCB6 /* CopyFiles */,
			);
			buildRules = (
			);
			dependencies = (
			);
			name = "QRoute-tvOS";
			productName = "QTRoute-tvOS";
			productReference = DC70C874222CAA6E0068CCB6 /* libQRoute-tvOS.a */;
			productType = "com.apple.product-type.library.static";
		};
		DC70C887222CAAD40068CCB6 /* QRoute-tvOSTests */ = {
			isa = PBXNativeTarget;
			buildConfigurationList = DC70C890222CAAD40068CCB6 /* Build configuration list for PBXNativeTarget "QRoute-tvOSTests" */;
			buildPhases = (
				DC70C884222CAAD40068CCB6 /* Sources */,
				DC70C885222CAAD40068CCB6 /* Frameworks */,
				DC70C886222CAAD40068CCB6 /* Resources */,
			);
			buildRules = (
			);
			dependencies = (
				DC70C88F222CAAD40068CCB6 /* PBXTargetDependency */,
			);
			name = "QRoute-tvOSTests";
			productName = "QTRoute-tvOSTests";
			productReference = DC70C888222CAAD40068CCB6 /* QRoute-tvOSTests.xctest */;
			productType = "com.apple.product-type.bundle.unit-test";
		};
		DCE8367D2221C32F00E714F8 /* QRoute-iOSTests */ = {
			isa = PBXNativeTarget;
			buildConfigurationList = DCE836852221C32F00E714F8 /* Build configuration list for PBXNativeTarget "QRoute-iOSTests" */;
			buildPhases = (
				DCE8367A2221C32F00E714F8 /* Sources */,
				DCE8367B2221C32F00E714F8 /* Frameworks */,
				DCE8367C2221C32F00E714F8 /* Resources */,
			);
			buildRules = (
			);
			dependencies = (
				DC23AC90222A695B00A00D40 /* PBXTargetDependency */,
			);
			name = "QRoute-iOSTests";
			productName = QTRouteTests;
			productReference = DCE8367E2221C32F00E714F8 /* QRoute-iOSTests.xctest */;
			productType = "com.apple.product-type.bundle.unit-test";
		};
/* End PBXNativeTarget section */

/* Begin PBXProject section */
		DC1F637C2220BC63003842BB /* Project object */ = {
			isa = PBXProject;
			attributes = {
				LastSwiftUpdateCheck = 1010;
				LastUpgradeCheck = 1010;
				ORGANIZATIONNAME = Quickthyme;
				TargetAttributes = {
					DC23AC57222A56AE00A00D40 = {
						CreatedOnToolsVersion = 10.1;
						LastSwiftMigration = 1020;
					};
					DC70C82D222CA73B0068CCB6 = {
						CreatedOnToolsVersion = 10.1;
					};
					DC70C843222CA8960068CCB6 = {
						CreatedOnToolsVersion = 10.1;
					};
					DC70C85F222CA9D20068CCB6 = {
						CreatedOnToolsVersion = 10.1;
					};
					DC70C873222CAA6E0068CCB6 = {
						CreatedOnToolsVersion = 10.1;
					};
					DC70C887222CAAD40068CCB6 = {
						CreatedOnToolsVersion = 10.1;
					};
					DCE8367D2221C32F00E714F8 = {
						CreatedOnToolsVersion = 10.1;
						LastSwiftMigration = 1020;
					};
				};
			};
			buildConfigurationList = DC1F637F2220BC63003842BB /* Build configuration list for PBXProject "QRoute" */;
			compatibilityVersion = "Xcode 9.3";
			developmentRegion = en;
			hasScannedForEncodings = 0;
			knownRegions = (
				en,
				Base,
			);
			mainGroup = DC1F637B2220BC63003842BB;
			productRefGroup = DC1F63852220BC63003842BB /* Products */;
			projectDirPath = "";
			projectRoot = "";
			targets = (
				DC23AC57222A56AE00A00D40 /* QRoute-iOS */,
				DC70C82D222CA73B0068CCB6 /* QRoute-macOS */,
				DC70C873222CAA6E0068CCB6 /* QRoute-tvOS */,
				DC70C85F222CA9D20068CCB6 /* QRoute-watchOS */,
				DCE8367D2221C32F00E714F8 /* QRoute-iOSTests */,
				DC70C843222CA8960068CCB6 /* QRoute-macOSTests */,
				DC70C887222CAAD40068CCB6 /* QRoute-tvOSTests */,
			);
		};
/* End PBXProject section */

/* Begin PBXResourcesBuildPhase section */
		DC70C842222CA8960068CCB6 /* Resources */ = {
			isa = PBXResourcesBuildPhase;
			buildActionMask = 2147483647;
			files = (
			);
			runOnlyForDeploymentPostprocessing = 0;
		};
		DC70C886222CAAD40068CCB6 /* Resources */ = {
			isa = PBXResourcesBuildPhase;
			buildActionMask = 2147483647;
			files = (
			);
			runOnlyForDeploymentPostprocessing = 0;
		};
		DCE8367C2221C32F00E714F8 /* Resources */ = {
			isa = PBXResourcesBuildPhase;
			buildActionMask = 2147483647;
			files = (
			);
			runOnlyForDeploymentPostprocessing = 0;
		};
/* End PBXResourcesBuildPhase section */

/* Begin PBXSourcesBuildPhase section */
		DC23AC54222A56AE00A00D40 /* Sources */ = {
			isa = PBXSourcesBuildPhase;
			buildActionMask = 2147483647;
			files = (
				DC5E91F5222B5651003B7DD1 /* QRouteDriving.swift in Sources */,
				DC5E91F2222B5651003B7DD1 /* QRoute.swift in Sources */,
				DCDDD53B22408FD500BA2C53 /* QRoute+ConvenienceInit.swift in Sources */,
				DC5E91F0222B5651003B7DD1 /* QRouteResolverAction.swift in Sources */,
				DC5E91EF222B5651003B7DD1 /* QRouteResolver.swift in Sources */,
				DC5E91F3222B5651003B7DD1 /* QRoutePath.swift in Sources */,
				DC5E91F4222B5651003B7DD1 /* QRoutable.swift in Sources */,
				DC5E91F6222B5651003B7DD1 /* QRouteWalkingDriverStep.swift in Sources */,
				DC5E91F1222B5651003B7DD1 /* QRouteResolving.swift in Sources */,
				DC5E91F7222B5651003B7DD1 /* QRouteWalkingDriver.swift in Sources */,
			);
			runOnlyForDeploymentPostprocessing = 0;
		};
		DC70C82B222CA73B0068CCB6 /* Sources */ = {
			isa = PBXSourcesBuildPhase;
			buildActionMask = 2147483647;
			files = (
				DC70C837222CA8020068CCB6 /* QRoute.swift in Sources */,
				DC70C83B222CA8090068CCB6 /* QRouteWalkingDriverStep.swift in Sources */,
				DCDDD53C22408FD500BA2C53 /* QRoute+ConvenienceInit.swift in Sources */,
				DC70C83F222CA80E0068CCB6 /* QRouteResolving.swift in Sources */,
				DC70C83E222CA80E0068CCB6 /* QRouteResolverAction.swift in Sources */,
				DC70C83D222CA80E0068CCB6 /* QRouteResolver.swift in Sources */,
				DC70C83C222CA8090068CCB6 /* QRouteWalkingDriver.swift in Sources */,
				DC70C839222CA8020068CCB6 /* QRoutable.swift in Sources */,
				DC70C83A222CA8090068CCB6 /* QRouteDriving.swift in Sources */,
				DC70C838222CA8020068CCB6 /* QRoutePath.swift in Sources */,
			);
			runOnlyForDeploymentPostprocessing = 0;
		};
		DC70C840222CA8960068CCB6 /* Sources */ = {
			isa = PBXSourcesBuildPhase;
			buildActionMask = 2147483647;
			files = (
				DC70C85B222CA97E0068CCB6 /* StubQResolverActions.swift in Sources */,
				DC70C856222CA9790068CCB6 /* QRouteResolverTestHelpers.swift in Sources */,
				DC689F51228A19B4005F5272 /* QRouteTestVerifier.swift in Sources */,
				DC689F53228A19B4005F5272 /* QRoutableMock.swift in Sources */,
				DC70C84F222CA9740068CCB6 /* QRouteTests.swift in Sources */,
				DC70C859222CA97E0068CCB6 /* MockQRoutePlan.swift in Sources */,
				DC70C850222CA9740068CCB6 /* QRoutePathTests.swift in Sources */,
				DC70C852222CA9740068CCB6 /* QRouteResolverTests.swift in Sources */,
				DC70C855222CA9790068CCB6 /* BDDTestHelpers.swift in Sources */,
				DC70C851222CA9740068CCB6 /* QRouteWalkingDriverTests.swift in Sources */,
				DC70C854222CA9740068CCB6 /* QRouteResolverMergeInputTests.swift in Sources */,
				DC70C853222CA9740068CCB6 /* QRouteResolverActionTests.swift in Sources */,
				DC689F54228A19B4005F5272 /* QRouteResolverMock.swift in Sources */,
			);
			runOnlyForDeploymentPostprocessing = 0;
		};
		DC70C85C222CA9D20068CCB6 /* Sources */ = {
			isa = PBXSourcesBuildPhase;
			buildActionMask = 2147483647;
			files = (
				DC70C867222CAA150068CCB6 /* QRoute.swift in Sources */,
				DC70C86B222CAA190068CCB6 /* QRouteWalkingDriverStep.swift in Sources */,
				DCDDD53E22408FD500BA2C53 /* QRoute+ConvenienceInit.swift in Sources */,
				DC70C86F222CAA1C0068CCB6 /* QRouteResolving.swift in Sources */,
				DC70C86E222CAA1C0068CCB6 /* QRouteResolverAction.swift in Sources */,
				DC70C86D222CAA1C0068CCB6 /* QRouteResolver.swift in Sources */,
				DC70C86C222CAA190068CCB6 /* QRouteWalkingDriver.swift in Sources */,
				DC70C869222CAA150068CCB6 /* QRoutable.swift in Sources */,
				DC70C86A222CAA190068CCB6 /* QRouteDriving.swift in Sources */,
				DC70C868222CAA150068CCB6 /* QRoutePath.swift in Sources */,
			);
			runOnlyForDeploymentPostprocessing = 0;
		};
		DC70C870222CAA6E0068CCB6 /* Sources */ = {
			isa = PBXSourcesBuildPhase;
			buildActionMask = 2147483647;
			files = (
				DC70C880222CAA8E0068CCB6 /* QRouteWalkingDriver.swift in Sources */,
				DC70C87F222CAA8E0068CCB6 /* QRouteWalkingDriverStep.swift in Sources */,
				DCDDD53D22408FD500BA2C53 /* QRoute+ConvenienceInit.swift in Sources */,
				DC70C87E222CAA8E0068CCB6 /* QRouteDriving.swift in Sources */,
				DC70C87B222CAA8A0068CCB6 /* QRoute.swift in Sources */,
				DC70C883222CAA920068CCB6 /* QRouteResolving.swift in Sources */,
				DC70C87C222CAA8A0068CCB6 /* QRoutePath.swift in Sources */,
				DC70C87D222CAA8A0068CCB6 /* QRoutable.swift in Sources */,
				DC70C881222CAA920068CCB6 /* QRouteResolver.swift in Sources */,
				DC70C882222CAA920068CCB6 /* QRouteResolverAction.swift in Sources */,
			);
			runOnlyForDeploymentPostprocessing = 0;
		};
		DC70C884222CAAD40068CCB6 /* Sources */ = {
			isa = PBXSourcesBuildPhase;
			buildActionMask = 2147483647;
			files = (
				DC70C89F222CAB230068CCB6 /* StubQResolverActions.swift in Sources */,
				DC70C89A222CAB1F0068CCB6 /* QRouteResolverTestHelpers.swift in Sources */,
				DC689F55228A19B5005F5272 /* QRouteTestVerifier.swift in Sources */,
				DC689F57228A19B5005F5272 /* QRoutableMock.swift in Sources */,
				DC70C893222CAB1A0068CCB6 /* QRouteTests.swift in Sources */,
				DC70C89D222CAB230068CCB6 /* MockQRoutePlan.swift in Sources */,
				DC70C894222CAB1A0068CCB6 /* QRoutePathTests.swift in Sources */,
				DC70C896222CAB1A0068CCB6 /* QRouteResolverTests.swift in Sources */,
				DC70C899222CAB1F0068CCB6 /* BDDTestHelpers.swift in Sources */,
				DC70C895222CAB1A0068CCB6 /* QRouteWalkingDriverTests.swift in Sources */,
				DC70C898222CAB1A0068CCB6 /* QRouteResolverMergeInputTests.swift in Sources */,
				DC70C897222CAB1A0068CCB6 /* QRouteResolverActionTests.swift in Sources */,
				DC689F58228A19B5005F5272 /* QRouteResolverMock.swift in Sources */,
			);
			runOnlyForDeploymentPostprocessing = 0;
		};
		DCE8367A2221C32F00E714F8 /* Sources */ = {
			isa = PBXSourcesBuildPhase;
			buildActionMask = 2147483647;
			files = (
				DC70C827222C90E90068CCB6 /* QRouteResolverActionTests.swift in Sources */,
				DC5E9220222B56BE003B7DD1 /* BDDTestHelpers.swift in Sources */,
				DC689F4D228A19B4005F5272 /* QRouteTestVerifier.swift in Sources */,
				DC689F4F228A19B4005F5272 /* QRoutableMock.swift in Sources */,
				DC70C829222C93050068CCB6 /* QRouteResolverMergeInputTests.swift in Sources */,
				DC5E921F222B56B8003B7DD1 /* QRouteWalkingDriverTests.swift in Sources */,
				DCA6DB65222BBC230098D765 /* QRouteResolverTestHelpers.swift in Sources */,
				DC5E9218222B56A9003B7DD1 /* MockQRoutePlan.swift in Sources */,
				DC5E921D222B56B3003B7DD1 /* QRouteTests.swift in Sources */,
				DC5E921B222B56B3003B7DD1 /* QRoutePathTests.swift in Sources */,
				DC5E921A222B56A9003B7DD1 /* StubQResolverActions.swift in Sources */,
				DC5E921E222B56B3003B7DD1 /* QRouteResolverTests.swift in Sources */,
				DC689F50228A19B4005F5272 /* QRouteResolverMock.swift in Sources */,
			);
			runOnlyForDeploymentPostprocessing = 0;
		};
/* End PBXSourcesBuildPhase section */

/* Begin PBXTargetDependency section */
		DC23AC90222A695B00A00D40 /* PBXTargetDependency */ = {
			isa = PBXTargetDependency;
			target = DC23AC57222A56AE00A00D40 /* QRoute-iOS */;
			targetProxy = DC23AC8F222A695B00A00D40 /* PBXContainerItemProxy */;
		};
		DC70C84B222CA8960068CCB6 /* PBXTargetDependency */ = {
			isa = PBXTargetDependency;
			target = DC70C82D222CA73B0068CCB6 /* QRoute-macOS */;
			targetProxy = DC70C84A222CA8960068CCB6 /* PBXContainerItemProxy */;
		};
		DC70C88F222CAAD40068CCB6 /* PBXTargetDependency */ = {
			isa = PBXTargetDependency;
			target = DC70C873222CAA6E0068CCB6 /* QRoute-tvOS */;
			targetProxy = DC70C88E222CAAD40068CCB6 /* PBXContainerItemProxy */;
		};
/* End PBXTargetDependency section */

/* Begin XCBuildConfiguration section */
		DC1F63942220BC64003842BB /* Debug */ = {
			isa = XCBuildConfiguration;
			buildSettings = {
				ALWAYS_SEARCH_USER_PATHS = NO;
				CLANG_ANALYZER_NONNULL = YES;
				CLANG_ANALYZER_NUMBER_OBJECT_CONVERSION = YES_AGGRESSIVE;
				CLANG_CXX_LANGUAGE_STANDARD = "gnu++14";
				CLANG_CXX_LIBRARY = "libc++";
				CLANG_ENABLE_MODULES = YES;
				CLANG_ENABLE_OBJC_ARC = YES;
				CLANG_ENABLE_OBJC_WEAK = YES;
				CLANG_WARN_BLOCK_CAPTURE_AUTORELEASING = YES;
				CLANG_WARN_BOOL_CONVERSION = YES;
				CLANG_WARN_COMMA = YES;
				CLANG_WARN_CONSTANT_CONVERSION = YES;
				CLANG_WARN_DEPRECATED_OBJC_IMPLEMENTATIONS = YES;
				CLANG_WARN_DIRECT_OBJC_ISA_USAGE = YES_ERROR;
				CLANG_WARN_DOCUMENTATION_COMMENTS = YES;
				CLANG_WARN_EMPTY_BODY = YES;
				CLANG_WARN_ENUM_CONVERSION = YES;
				CLANG_WARN_INFINITE_RECURSION = YES;
				CLANG_WARN_INT_CONVERSION = YES;
				CLANG_WARN_NON_LITERAL_NULL_CONVERSION = YES;
				CLANG_WARN_OBJC_IMPLICIT_RETAIN_SELF = YES;
				CLANG_WARN_OBJC_LITERAL_CONVERSION = YES;
				CLANG_WARN_OBJC_ROOT_CLASS = YES_ERROR;
				CLANG_WARN_RANGE_LOOP_ANALYSIS = YES;
				CLANG_WARN_STRICT_PROTOTYPES = YES;
				CLANG_WARN_SUSPICIOUS_MOVE = YES;
				CLANG_WARN_UNGUARDED_AVAILABILITY = YES_AGGRESSIVE;
				CLANG_WARN_UNREACHABLE_CODE = YES;
				CLANG_WARN__DUPLICATE_METHOD_MATCH = YES;
				CODE_SIGN_IDENTITY = "iPhone Developer";
				COPY_PHASE_STRIP = NO;
				DEBUG_INFORMATION_FORMAT = dwarf;
				ENABLE_STRICT_OBJC_MSGSEND = YES;
				ENABLE_TESTABILITY = YES;
				GCC_C_LANGUAGE_STANDARD = gnu11;
				GCC_DYNAMIC_NO_PIC = NO;
				GCC_NO_COMMON_BLOCKS = YES;
				GCC_OPTIMIZATION_LEVEL = 0;
				GCC_PREPROCESSOR_DEFINITIONS = (
					"DEBUG=1",
					"$(inherited)",
				);
				GCC_WARN_64_TO_32_BIT_CONVERSION = YES;
				GCC_WARN_ABOUT_RETURN_TYPE = YES_ERROR;
				GCC_WARN_UNDECLARED_SELECTOR = YES;
				GCC_WARN_UNINITIALIZED_AUTOS = YES_AGGRESSIVE;
				GCC_WARN_UNUSED_FUNCTION = YES;
				GCC_WARN_UNUSED_VARIABLE = YES;
				MTL_ENABLE_DEBUG_INFO = INCLUDE_SOURCE;
				MTL_FAST_MATH = YES;
				ONLY_ACTIVE_ARCH = YES;
				SDKROOT = iphoneos;
				SWIFT_ACTIVE_COMPILATION_CONDITIONS = DEBUG;
				SWIFT_OPTIMIZATION_LEVEL = "-Onone";
				SWIFT_VERSION = 4.2;
			};
			name = Debug;
		};
		DC1F63952220BC64003842BB /* Release */ = {
			isa = XCBuildConfiguration;
			buildSettings = {
				ALWAYS_SEARCH_USER_PATHS = NO;
				CLANG_ANALYZER_NONNULL = YES;
				CLANG_ANALYZER_NUMBER_OBJECT_CONVERSION = YES_AGGRESSIVE;
				CLANG_CXX_LANGUAGE_STANDARD = "gnu++14";
				CLANG_CXX_LIBRARY = "libc++";
				CLANG_ENABLE_MODULES = YES;
				CLANG_ENABLE_OBJC_ARC = YES;
				CLANG_ENABLE_OBJC_WEAK = YES;
				CLANG_WARN_BLOCK_CAPTURE_AUTORELEASING = YES;
				CLANG_WARN_BOOL_CONVERSION = YES;
				CLANG_WARN_COMMA = YES;
				CLANG_WARN_CONSTANT_CONVERSION = YES;
				CLANG_WARN_DEPRECATED_OBJC_IMPLEMENTATIONS = YES;
				CLANG_WARN_DIRECT_OBJC_ISA_USAGE = YES_ERROR;
				CLANG_WARN_DOCUMENTATION_COMMENTS = YES;
				CLANG_WARN_EMPTY_BODY = YES;
				CLANG_WARN_ENUM_CONVERSION = YES;
				CLANG_WARN_INFINITE_RECURSION = YES;
				CLANG_WARN_INT_CONVERSION = YES;
				CLANG_WARN_NON_LITERAL_NULL_CONVERSION = YES;
				CLANG_WARN_OBJC_IMPLICIT_RETAIN_SELF = YES;
				CLANG_WARN_OBJC_LITERAL_CONVERSION = YES;
				CLANG_WARN_OBJC_ROOT_CLASS = YES_ERROR;
				CLANG_WARN_RANGE_LOOP_ANALYSIS = YES;
				CLANG_WARN_STRICT_PROTOTYPES = YES;
				CLANG_WARN_SUSPICIOUS_MOVE = YES;
				CLANG_WARN_UNGUARDED_AVAILABILITY = YES_AGGRESSIVE;
				CLANG_WARN_UNREACHABLE_CODE = YES;
				CLANG_WARN__DUPLICATE_METHOD_MATCH = YES;
				CODE_SIGN_IDENTITY = "iPhone Developer";
				COPY_PHASE_STRIP = NO;
				DEBUG_INFORMATION_FORMAT = "dwarf-with-dsym";
				ENABLE_NS_ASSERTIONS = NO;
				ENABLE_STRICT_OBJC_MSGSEND = YES;
				GCC_C_LANGUAGE_STANDARD = gnu11;
				GCC_NO_COMMON_BLOCKS = YES;
				GCC_WARN_64_TO_32_BIT_CONVERSION = YES;
				GCC_WARN_ABOUT_RETURN_TYPE = YES_ERROR;
				GCC_WARN_UNDECLARED_SELECTOR = YES;
				GCC_WARN_UNINITIALIZED_AUTOS = YES_AGGRESSIVE;
				GCC_WARN_UNUSED_FUNCTION = YES;
				GCC_WARN_UNUSED_VARIABLE = YES;
				MTL_ENABLE_DEBUG_INFO = NO;
				MTL_FAST_MATH = YES;
				SDKROOT = iphoneos;
				SWIFT_COMPILATION_MODE = wholemodule;
				SWIFT_OPTIMIZATION_LEVEL = "-O";
				SWIFT_VERSION = 4.2;
				VALIDATE_PRODUCT = YES;
			};
			name = Release;
		};
		DC23AC5D222A56AE00A00D40 /* Debug */ = {
			isa = XCBuildConfiguration;
			buildSettings = {
				CODE_SIGN_STYLE = Automatic;
				DEFINES_MODULE = YES;
				IPHONEOS_DEPLOYMENT_TARGET = 12.1;
				OTHER_LDFLAGS = "-ObjC";
				PRODUCT_MODULE_NAME = QRoute;
				PRODUCT_NAME = "$(TARGET_NAME)";
				SKIP_INSTALL = YES;
				SWIFT_VERSION = 5.0;
				TARGETED_DEVICE_FAMILY = "1,2";
			};
			name = Debug;
		};
		DC23AC5E222A56AE00A00D40 /* Release */ = {
			isa = XCBuildConfiguration;
			buildSettings = {
				CODE_SIGN_STYLE = Automatic;
				DEFINES_MODULE = YES;
				IPHONEOS_DEPLOYMENT_TARGET = 12.1;
				OTHER_LDFLAGS = "-ObjC";
				PRODUCT_MODULE_NAME = QRoute;
				PRODUCT_NAME = "$(TARGET_NAME)";
				SKIP_INSTALL = YES;
				SWIFT_VERSION = 5.0;
				TARGETED_DEVICE_FAMILY = "1,2";
			};
			name = Release;
		};
		DC70C835222CA73C0068CCB6 /* Debug */ = {
			isa = XCBuildConfiguration;
			buildSettings = {
				CODE_SIGN_IDENTITY = "-";
				CODE_SIGN_STYLE = Automatic;
				DEFINES_MODULE = YES;
				EXECUTABLE_PREFIX = lib;
				MACOSX_DEPLOYMENT_TARGET = 10.13;
				PRODUCT_MODULE_NAME = QRoute;
				PRODUCT_NAME = "$(TARGET_NAME)";
				SDKROOT = macosx;
				SKIP_INSTALL = YES;
			};
			name = Debug;
		};
		DC70C836222CA73C0068CCB6 /* Release */ = {
			isa = XCBuildConfiguration;
			buildSettings = {
				CODE_SIGN_IDENTITY = "-";
				CODE_SIGN_STYLE = Automatic;
				DEFINES_MODULE = YES;
				EXECUTABLE_PREFIX = lib;
				MACOSX_DEPLOYMENT_TARGET = 10.13;
				PRODUCT_MODULE_NAME = QRoute;
				PRODUCT_NAME = "$(TARGET_NAME)";
				SDKROOT = macosx;
				SKIP_INSTALL = YES;
			};
			name = Release;
		};
		DC70C84D222CA8960068CCB6 /* Debug */ = {
			isa = XCBuildConfiguration;
			buildSettings = {
				CODE_SIGN_IDENTITY = "-";
				CODE_SIGN_STYLE = Automatic;
				COMBINE_HIDPI_IMAGES = YES;
				INFOPLIST_FILE = Tests/QRouteTests/Info.plist;
				LD_RUNPATH_SEARCH_PATHS = (
					"$(inherited)",
					"@executable_path/../Frameworks",
					"@loader_path/../Frameworks",
				);
				MACOSX_DEPLOYMENT_TARGET = 10.13;
				PRODUCT_BUNDLE_IDENTIFIER = "net.quickthyme.QRoute-macOSTests";
				PRODUCT_NAME = "$(TARGET_NAME)";
				SDKROOT = macosx;
				SWIFT_VERSION = 4.2;
			};
			name = Debug;
		};
		DC70C84E222CA8960068CCB6 /* Release */ = {
			isa = XCBuildConfiguration;
			buildSettings = {
				CODE_SIGN_IDENTITY = "-";
				CODE_SIGN_STYLE = Automatic;
				COMBINE_HIDPI_IMAGES = YES;
				INFOPLIST_FILE = Tests/QRouteTests/Info.plist;
				LD_RUNPATH_SEARCH_PATHS = (
					"$(inherited)",
					"@executable_path/../Frameworks",
					"@loader_path/../Frameworks",
				);
				MACOSX_DEPLOYMENT_TARGET = 10.13;
				PRODUCT_BUNDLE_IDENTIFIER = "net.quickthyme.QRoute-macOSTests";
				PRODUCT_NAME = "$(TARGET_NAME)";
				SDKROOT = macosx;
				SWIFT_VERSION = 4.2;
			};
			name = Release;
		};
		DC70C865222CA9D20068CCB6 /* Debug */ = {
			isa = XCBuildConfiguration;
			buildSettings = {
				CODE_SIGN_STYLE = Automatic;
				DEFINES_MODULE = YES;
				OTHER_LDFLAGS = "-ObjC";
				PRODUCT_MODULE_NAME = QRoute;
				PRODUCT_NAME = "$(TARGET_NAME)";
				SDKROOT = watchos;
				SKIP_INSTALL = YES;
				SWIFT_VERSION = 4.2;
				TARGETED_DEVICE_FAMILY = 4;
				WATCHOS_DEPLOYMENT_TARGET = 5.1;
			};
			name = Debug;
		};
		DC70C866222CA9D20068CCB6 /* Release */ = {
			isa = XCBuildConfiguration;
			buildSettings = {
				CODE_SIGN_STYLE = Automatic;
				DEFINES_MODULE = YES;
				OTHER_LDFLAGS = "-ObjC";
				PRODUCT_MODULE_NAME = QRoute;
				PRODUCT_NAME = "$(TARGET_NAME)";
				SDKROOT = watchos;
				SKIP_INSTALL = YES;
				SWIFT_VERSION = 4.2;
				TARGETED_DEVICE_FAMILY = 4;
				WATCHOS_DEPLOYMENT_TARGET = 5.1;
			};
			name = Release;
		};
		DC70C879222CAA6E0068CCB6 /* Debug */ = {
			isa = XCBuildConfiguration;
			buildSettings = {
				CODE_SIGN_STYLE = Automatic;
				DEFINES_MODULE = YES;
				OTHER_LDFLAGS = "-ObjC";
				PRODUCT_MODULE_NAME = QRoute;
				PRODUCT_NAME = "$(TARGET_NAME)";
				SDKROOT = appletvos;
				SKIP_INSTALL = YES;
				SWIFT_VERSION = 4.2;
				TARGETED_DEVICE_FAMILY = 3;
				TVOS_DEPLOYMENT_TARGET = 12.1;
			};
			name = Debug;
		};
		DC70C87A222CAA6E0068CCB6 /* Release */ = {
			isa = XCBuildConfiguration;
			buildSettings = {
				CODE_SIGN_STYLE = Automatic;
				DEFINES_MODULE = YES;
				OTHER_LDFLAGS = "-ObjC";
				PRODUCT_MODULE_NAME = QRoute;
				PRODUCT_NAME = "$(TARGET_NAME)";
				SDKROOT = appletvos;
				SKIP_INSTALL = YES;
				SWIFT_VERSION = 4.2;
				TARGETED_DEVICE_FAMILY = 3;
				TVOS_DEPLOYMENT_TARGET = 12.1;
			};
			name = Release;
		};
		DC70C891222CAAD40068CCB6 /* Debug */ = {
			isa = XCBuildConfiguration;
			buildSettings = {
				CODE_SIGN_STYLE = Automatic;
				INFOPLIST_FILE = Tests/QRouteTests/Info.plist;
				LD_RUNPATH_SEARCH_PATHS = (
					"$(inherited)",
					"@executable_path/Frameworks",
					"@loader_path/Frameworks",
				);
				PRODUCT_BUNDLE_IDENTIFIER = "net.quickthyme.QRoute-tvOSTests";
				PRODUCT_NAME = "$(TARGET_NAME)";
				SDKROOT = appletvos;
				SWIFT_VERSION = 4.2;
				TARGETED_DEVICE_FAMILY = 3;
				TVOS_DEPLOYMENT_TARGET = 12.1;
			};
			name = Debug;
		};
		DC70C892222CAAD40068CCB6 /* Release */ = {
			isa = XCBuildConfiguration;
			buildSettings = {
				CODE_SIGN_STYLE = Automatic;
				INFOPLIST_FILE = Tests/QRouteTests/Info.plist;
				LD_RUNPATH_SEARCH_PATHS = (
					"$(inherited)",
					"@executable_path/Frameworks",
					"@loader_path/Frameworks",
				);
				PRODUCT_BUNDLE_IDENTIFIER = "net.quickthyme.QRoute-tvOSTests";
				PRODUCT_NAME = "$(TARGET_NAME)";
				SDKROOT = appletvos;
				SWIFT_VERSION = 4.2;
				TARGETED_DEVICE_FAMILY = 3;
				TVOS_DEPLOYMENT_TARGET = 12.1;
			};
			name = Release;
		};
		DCE836862221C32F00E714F8 /* Debug */ = {
			isa = XCBuildConfiguration;
			buildSettings = {
				ALWAYS_EMBED_SWIFT_STANDARD_LIBRARIES = YES;
				CODE_SIGN_STYLE = Automatic;
				INFOPLIST_FILE = Tests/QRouteTests/Info.plist;
				IPHONEOS_DEPLOYMENT_TARGET = 12.1;
				LD_RUNPATH_SEARCH_PATHS = (
					"$(inherited)",
					"@executable_path/Frameworks",
					"@loader_path/Frameworks",
				);
				PRODUCT_BUNDLE_IDENTIFIER = "net.quickthyme.QRoute-iOSTests";
				PRODUCT_NAME = "$(TARGET_NAME)";
				SWIFT_VERSION = 5.0;
				TARGETED_DEVICE_FAMILY = "1,2";
			};
			name = Debug;
		};
		DCE836872221C32F00E714F8 /* Release */ = {
			isa = XCBuildConfiguration;
			buildSettings = {
				ALWAYS_EMBED_SWIFT_STANDARD_LIBRARIES = YES;
				CODE_SIGN_STYLE = Automatic;
				INFOPLIST_FILE = Tests/QRouteTests/Info.plist;
				IPHONEOS_DEPLOYMENT_TARGET = 12.1;
				LD_RUNPATH_SEARCH_PATHS = (
					"$(inherited)",
					"@executable_path/Frameworks",
					"@loader_path/Frameworks",
				);
				PRODUCT_BUNDLE_IDENTIFIER = "net.quickthyme.QRoute-iOSTests";
				PRODUCT_NAME = "$(TARGET_NAME)";
				SWIFT_VERSION = 5.0;
				TARGETED_DEVICE_FAMILY = "1,2";
			};
			name = Release;
		};
/* End XCBuildConfiguration section */

/* Begin XCConfigurationList section */
		DC1F637F2220BC63003842BB /* Build configuration list for PBXProject "QRoute" */ = {
			isa = XCConfigurationList;
			buildConfigurations = (
				DC1F63942220BC64003842BB /* Debug */,
				DC1F63952220BC64003842BB /* Release */,
			);
			defaultConfigurationIsVisible = 0;
			defaultConfigurationName = Release;
		};
		DC23AC5C222A56AE00A00D40 /* Build configuration list for PBXNativeTarget "QRoute-iOS" */ = {
			isa = XCConfigurationList;
			buildConfigurations = (
				DC23AC5D222A56AE00A00D40 /* Debug */,
				DC23AC5E222A56AE00A00D40 /* Release */,
			);
			defaultConfigurationIsVisible = 0;
			defaultConfigurationName = Release;
		};
		DC70C834222CA73C0068CCB6 /* Build configuration list for PBXNativeTarget "QRoute-macOS" */ = {
			isa = XCConfigurationList;
			buildConfigurations = (
				DC70C835222CA73C0068CCB6 /* Debug */,
				DC70C836222CA73C0068CCB6 /* Release */,
			);
			defaultConfigurationIsVisible = 0;
			defaultConfigurationName = Release;
		};
		DC70C84C222CA8960068CCB6 /* Build configuration list for PBXNativeTarget "QRoute-macOSTests" */ = {
			isa = XCConfigurationList;
			buildConfigurations = (
				DC70C84D222CA8960068CCB6 /* Debug */,
				DC70C84E222CA8960068CCB6 /* Release */,
			);
			defaultConfigurationIsVisible = 0;
			defaultConfigurationName = Release;
		};
		DC70C864222CA9D20068CCB6 /* Build configuration list for PBXNativeTarget "QRoute-watchOS" */ = {
			isa = XCConfigurationList;
			buildConfigurations = (
				DC70C865222CA9D20068CCB6 /* Debug */,
				DC70C866222CA9D20068CCB6 /* Release */,
			);
			defaultConfigurationIsVisible = 0;
			defaultConfigurationName = Release;
		};
		DC70C878222CAA6E0068CCB6 /* Build configuration list for PBXNativeTarget "QRoute-tvOS" */ = {
			isa = XCConfigurationList;
			buildConfigurations = (
				DC70C879222CAA6E0068CCB6 /* Debug */,
				DC70C87A222CAA6E0068CCB6 /* Release */,
			);
			defaultConfigurationIsVisible = 0;
			defaultConfigurationName = Release;
		};
		DC70C890222CAAD40068CCB6 /* Build configuration list for PBXNativeTarget "QRoute-tvOSTests" */ = {
			isa = XCConfigurationList;
			buildConfigurations = (
				DC70C891222CAAD40068CCB6 /* Debug */,
				DC70C892222CAAD40068CCB6 /* Release */,
			);
			defaultConfigurationIsVisible = 0;
			defaultConfigurationName = Release;
		};
		DCE836852221C32F00E714F8 /* Build configuration list for PBXNativeTarget "QRoute-iOSTests" */ = {
			isa = XCConfigurationList;
			buildConfigurations = (
				DCE836862221C32F00E714F8 /* Debug */,
				DCE836872221C32F00E714F8 /* Release */,
			);
			defaultConfigurationIsVisible = 0;
			defaultConfigurationName = Release;
		};
/* End XCConfigurationList section */
	};
	rootObject = DC1F637C2220BC63003842BB /* Project object */;
}
